
Microsoft Visual Studio Solution File, Format Version 12.00
# Visual Studio Version 16
VisualStudioVersion = 16.0.29905.134
MinimumVisualStudioVersion = 10.0.40219.1
Project("{FAE04EC0-301F-11D3-BF4B-00C04F79EFBC}") = "LAE", "LAE.csproj", "{4E8E6570-B8E2-4B3B-8914-F98574B8B1BE}"
EndProject
Global
	GlobalSection(SolutionConfigurationPlatforms) = preSolution
		Debug|Any CPU = Debug|Any CPU
		Release|Any CPU = Release|Any CPU
	EndGlobalSection
	GlobalSection(ProjectConfigurationPlatforms) = postSolution
		{4E8E6570-B8E2-4B3B-8914-F98574B8B1BE}.Debug|Any CPU.ActiveCfg = Debug|Any CPU
		{4E8E6570-B8E2-4B3B-8914-F98574B8B1BE}.Debug|Any CPU.Build.0 = Debug|Any CPU
		{4E8E6570-B8E2-4B3B-8914-F98574B8B1BE}.Release|Any CPU.ActiveCfg = Release|Any CPU
		{4E8E6570-B8E2-4B3B-8914-F98574B8B1BE}.Release|Any CPU.Build.0 = Release|Any CPU
	EndGlobalSection
	GlobalSection(SolutionProperties) = preSolution
		HideSolutionNode = FALSE
	EndGlobalSection
	GlobalSection(ExtensibilityGlobals) = postSolution
		SolutionGuid = {9ABC8862-FABC-40E7-AB5B-F58E3FA2619D}
	EndGlobalSection
EndGlobal
